// !$*UTF8*$!
{
	archiveVersion = 1;
	classes = {
	};
	objectVersion = 46;
	objects = {

/* Begin PBXBuildFile section */
		7E05D256156C23405A439AEA /* Pods_ISS_MapCheck.framework in Frameworks */ = {isa = PBXBuildFile; fileRef = 94931D27B46D529C147BFDED /* Pods_ISS_MapCheck.framework */; };
		FA0C076C1FCB465900E0FC5F /* CityDataViewController.swift in Sources */ = {isa = PBXBuildFile; fileRef = FA0C076B1FCB465900E0FC5F /* CityDataViewController.swift */; };
		FA0C076E1FCB4C9A00E0FC5F /* CityModel.swift in Sources */ = {isa = PBXBuildFile; fileRef = FA0C076D1FCB4C9A00E0FC5F /* CityModel.swift */; };
		FA175FDA1FCCA14F0070B23D /* SettingsViewController.swift in Sources */ = {isa = PBXBuildFile; fileRef = FA175FD91FCCA14F0070B23D /* SettingsViewController.swift */; };
		FA2B97171FCBCAF800EFFAAE /* CityCell.swift in Sources */ = {isa = PBXBuildFile; fileRef = FA2B97161FCBCAF800EFFAAE /* CityCell.swift */; };
		FA7D0F2E1FB52DCB008FD39B /* AppDelegate.swift in Sources */ = {isa = PBXBuildFile; fileRef = FA7D0F2D1FB52DCB008FD39B /* AppDelegate.swift */; };
		FA7D0F301FB52DCB008FD39B /* ViewController.swift in Sources */ = {isa = PBXBuildFile; fileRef = FA7D0F2F1FB52DCB008FD39B /* ViewController.swift */; };
		FA7D0F331FB52DCB008FD39B /* Main.storyboard in Resources */ = {isa = PBXBuildFile; fileRef = FA7D0F311FB52DCB008FD39B /* Main.storyboard */; };
		FA7D0F351FB52DCB008FD39B /* Assets.xcassets in Resources */ = {isa = PBXBuildFile; fileRef = FA7D0F341FB52DCB008FD39B /* Assets.xcassets */; };
		FA7D0F381FB52DCB008FD39B /* LaunchScreen.storyboard in Resources */ = {isa = PBXBuildFile; fileRef = FA7D0F361FB52DCB008FD39B /* LaunchScreen.storyboard */; };
		FA7D0F431FB52DCB008FD39B /* ISS_MapCheckTests.swift in Sources */ = {isa = PBXBuildFile; fileRef = FA7D0F421FB52DCB008FD39B /* ISS_MapCheckTests.swift */; };
		FA7D0F4E1FB52DCB008FD39B /* ISS_MapCheckUITests.swift in Sources */ = {isa = PBXBuildFile; fileRef = FA7D0F4D1FB52DCB008FD39B /* ISS_MapCheckUITests.swift */; };
		FADAB5C61FBE696800B738B5 /* LocationModel.swift in Sources */ = {isa = PBXBuildFile; fileRef = FADAB5C51FBE696800B738B5 /* LocationModel.swift */; };
		FADAB5C81FBE761B00B738B5 /* MapViewController.swift in Sources */ = {isa = PBXBuildFile; fileRef = FADAB5C71FBE761B00B738B5 /* MapViewController.swift */; };
		FADAB5CA1FBF46DC00B738B5 /* LocationPin.swift in Sources */ = {isa = PBXBuildFile; fileRef = FADAB5C91FBF46DC00B738B5 /* LocationPin.swift */; };
/* End PBXBuildFile section */

/* Begin PBXContainerItemProxy section */
		FA7D0F3F1FB52DCB008FD39B /* PBXContainerItemProxy */ = {
			isa = PBXContainerItemProxy;
			containerPortal = FA7D0F221FB52DCB008FD39B /* Project object */;
			proxyType = 1;
			remoteGlobalIDString = FA7D0F291FB52DCB008FD39B;
			remoteInfo = ISS_MapCheck;
		};
		FA7D0F4A1FB52DCB008FD39B /* PBXContainerItemProxy */ = {
			isa = PBXContainerItemProxy;
			containerPortal = FA7D0F221FB52DCB008FD39B /* Project object */;
			proxyType = 1;
			remoteGlobalIDString = FA7D0F291FB52DCB008FD39B;
			remoteInfo = ISS_MapCheck;
		};
/* End PBXContainerItemProxy section */

/* Begin PBXFileReference section */
		6A9B0A703BB355AE792018FF /* Pods-ISS_MapCheck.release.xcconfig */ = {isa = PBXFileReference; includeInIndex = 1; lastKnownFileType = text.xcconfig; name = "Pods-ISS_MapCheck.release.xcconfig"; path = "Pods/Target Support Files/Pods-ISS_MapCheck/Pods-ISS_MapCheck.release.xcconfig"; sourceTree = "<group>"; };
		94931D27B46D529C147BFDED /* Pods_ISS_MapCheck.framework */ = {isa = PBXFileReference; explicitFileType = wrapper.framework; includeInIndex = 0; path = Pods_ISS_MapCheck.framework; sourceTree = BUILT_PRODUCTS_DIR; };
		BF59A1DC5B2851A3ED19B7C1 /* Pods-ISS_MapCheck.debug.xcconfig */ = {isa = PBXFileReference; includeInIndex = 1; lastKnownFileType = text.xcconfig; name = "Pods-ISS_MapCheck.debug.xcconfig"; path = "Pods/Target Support Files/Pods-ISS_MapCheck/Pods-ISS_MapCheck.debug.xcconfig"; sourceTree = "<group>"; };
		FA0C076B1FCB465900E0FC5F /* CityDataViewController.swift */ = {isa = PBXFileReference; fileEncoding = 4; lastKnownFileType = sourcecode.swift; path = CityDataViewController.swift; sourceTree = "<group>"; };
		FA0C076D1FCB4C9A00E0FC5F /* CityModel.swift */ = {isa = PBXFileReference; fileEncoding = 4; lastKnownFileType = sourcecode.swift; path = CityModel.swift; sourceTree = "<group>"; };
		FA175FD91FCCA14F0070B23D /* SettingsViewController.swift */ = {isa = PBXFileReference; fileEncoding = 4; lastKnownFileType = sourcecode.swift; path = SettingsViewController.swift; sourceTree = "<group>"; };
		FA2B97161FCBCAF800EFFAAE /* CityCell.swift */ = {isa = PBXFileReference; fileEncoding = 4; lastKnownFileType = sourcecode.swift; path = CityCell.swift; sourceTree = "<group>"; };
		FA7D0F2A1FB52DCB008FD39B /* ISS_MapCheck.app */ = {isa = PBXFileReference; explicitFileType = wrapper.application; includeInIndex = 0; path = ISS_MapCheck.app; sourceTree = BUILT_PRODUCTS_DIR; };
		FA7D0F2D1FB52DCB008FD39B /* AppDelegate.swift */ = {isa = PBXFileReference; lastKnownFileType = sourcecode.swift; path = AppDelegate.swift; sourceTree = "<group>"; };
		FA7D0F2F1FB52DCB008FD39B /* ViewController.swift */ = {isa = PBXFileReference; lastKnownFileType = sourcecode.swift; path = ViewController.swift; sourceTree = "<group>"; };
		FA7D0F321FB52DCB008FD39B /* Base */ = {isa = PBXFileReference; lastKnownFileType = file.storyboard; name = Base; path = Base.lproj/Main.storyboard; sourceTree = "<group>"; };
		FA7D0F341FB52DCB008FD39B /* Assets.xcassets */ = {isa = PBXFileReference; lastKnownFileType = folder.assetcatalog; path = Assets.xcassets; sourceTree = "<group>"; };
		FA7D0F371FB52DCB008FD39B /* Base */ = {isa = PBXFileReference; lastKnownFileType = file.storyboard; name = Base; path = Base.lproj/LaunchScreen.storyboard; sourceTree = "<group>"; };
		FA7D0F391FB52DCB008FD39B /* Info.plist */ = {isa = PBXFileReference; lastKnownFileType = text.plist.xml; path = Info.plist; sourceTree = "<group>"; };
		FA7D0F3E1FB52DCB008FD39B /* ISS_MapCheckTests.xctest */ = {isa = PBXFileReference; explicitFileType = wrapper.cfbundle; includeInIndex = 0; path = ISS_MapCheckTests.xctest; sourceTree = BUILT_PRODUCTS_DIR; };
		FA7D0F421FB52DCB008FD39B /* ISS_MapCheckTests.swift */ = {isa = PBXFileReference; lastKnownFileType = sourcecode.swift; path = ISS_MapCheckTests.swift; sourceTree = "<group>"; };
		FA7D0F441FB52DCB008FD39B /* Info.plist */ = {isa = PBXFileReference; lastKnownFileType = text.plist.xml; path = Info.plist; sourceTree = "<group>"; };
		FA7D0F491FB52DCB008FD39B /* ISS_MapCheckUITests.xctest */ = {isa = PBXFileReference; explicitFileType = wrapper.cfbundle; includeInIndex = 0; path = ISS_MapCheckUITests.xctest; sourceTree = BUILT_PRODUCTS_DIR; };
		FA7D0F4D1FB52DCB008FD39B /* ISS_MapCheckUITests.swift */ = {isa = PBXFileReference; lastKnownFileType = sourcecode.swift; path = ISS_MapCheckUITests.swift; sourceTree = "<group>"; };
		FA7D0F4F1FB52DCB008FD39B /* Info.plist */ = {isa = PBXFileReference; lastKnownFileType = text.plist.xml; path = Info.plist; sourceTree = "<group>"; };
		FADAB5C51FBE696800B738B5 /* LocationModel.swift */ = {isa = PBXFileReference; fileEncoding = 4; lastKnownFileType = sourcecode.swift; path = LocationModel.swift; sourceTree = "<group>"; };
		FADAB5C71FBE761B00B738B5 /* MapViewController.swift */ = {isa = PBXFileReference; fileEncoding = 4; lastKnownFileType = sourcecode.swift; path = MapViewController.swift; sourceTree = "<group>"; };
		FADAB5C91FBF46DC00B738B5 /* LocationPin.swift */ = {isa = PBXFileReference; fileEncoding = 4; lastKnownFileType = sourcecode.swift; path = LocationPin.swift; sourceTree = "<group>"; };
/* End PBXFileReference section */

/* Begin PBXFrameworksBuildPhase section */
		FA7D0F271FB52DCB008FD39B /* Frameworks */ = {
			isa = PBXFrameworksBuildPhase;
			buildActionMask = 2147483647;
			files = (
				7E05D256156C23405A439AEA /* Pods_ISS_MapCheck.framework in Frameworks */,
			);
			runOnlyForDeploymentPostprocessing = 0;
		};
		FA7D0F3B1FB52DCB008FD39B /* Frameworks */ = {
			isa = PBXFrameworksBuildPhase;
			buildActionMask = 2147483647;
			files = (
			);
			runOnlyForDeploymentPostprocessing = 0;
		};
		FA7D0F461FB52DCB008FD39B /* Frameworks */ = {
			isa = PBXFrameworksBuildPhase;
			buildActionMask = 2147483647;
			files = (
			);
			runOnlyForDeploymentPostprocessing = 0;
		};
/* End PBXFrameworksBuildPhase section */

/* Begin PBXGroup section */
		15161EFF372B24DAEDC04F30 /* Frameworks */ = {
			isa = PBXGroup;
			children = (
				94931D27B46D529C147BFDED /* Pods_ISS_MapCheck.framework */,
			);
			name = Frameworks;
			sourceTree = "<group>";
		};
		3A2AFB1617C024AC9700410D /* Pods */ = {
			isa = PBXGroup;
			children = (
				BF59A1DC5B2851A3ED19B7C1 /* Pods-ISS_MapCheck.debug.xcconfig */,
				6A9B0A703BB355AE792018FF /* Pods-ISS_MapCheck.release.xcconfig */,
			);
			name = Pods;
			sourceTree = "<group>";
		};
		FA7D0F211FB52DCB008FD39B = {
			isa = PBXGroup;
			children = (
				FA7D0F2C1FB52DCB008FD39B /* ISS_MapCheck */,
				FA7D0F411FB52DCB008FD39B /* ISS_MapCheckTests */,
				FA7D0F4C1FB52DCB008FD39B /* ISS_MapCheckUITests */,
				FA7D0F2B1FB52DCB008FD39B /* Products */,
				3A2AFB1617C024AC9700410D /* Pods */,
				15161EFF372B24DAEDC04F30 /* Frameworks */,
			);
			sourceTree = "<group>";
		};
		FA7D0F2B1FB52DCB008FD39B /* Products */ = {
			isa = PBXGroup;
			children = (
				FA7D0F2A1FB52DCB008FD39B /* ISS_MapCheck.app */,
				FA7D0F3E1FB52DCB008FD39B /* ISS_MapCheckTests.xctest */,
				FA7D0F491FB52DCB008FD39B /* ISS_MapCheckUITests.xctest */,
			);
			name = Products;
			sourceTree = "<group>";
		};
		FA7D0F2C1FB52DCB008FD39B /* ISS_MapCheck */ = {
			isa = PBXGroup;
			children = (
				FA7D0F2D1FB52DCB008FD39B /* AppDelegate.swift */,
				FADAB5C51FBE696800B738B5 /* LocationModel.swift */,
				FADAB5C91FBF46DC00B738B5 /* LocationPin.swift */,
				FADAB5C71FBE761B00B738B5 /* MapViewController.swift */,
				FA7D0F2F1FB52DCB008FD39B /* ViewController.swift */,
				FA0C076D1FCB4C9A00E0FC5F /* CityModel.swift */,
				FA7D0F311FB52DCB008FD39B /* Main.storyboard */,
				FA175FD91FCCA14F0070B23D /* SettingsViewController.swift */,
				FA2B97161FCBCAF800EFFAAE /* CityCell.swift */,
				FA0C076B1FCB465900E0FC5F /* CityDataViewController.swift */,
				FA7D0F341FB52DCB008FD39B /* Assets.xcassets */,
				FA7D0F361FB52DCB008FD39B /* LaunchScreen.storyboard */,
				FA7D0F391FB52DCB008FD39B /* Info.plist */,
			);
			path = ISS_MapCheck;
			sourceTree = "<group>";
		};
		FA7D0F411FB52DCB008FD39B /* ISS_MapCheckTests */ = {
			isa = PBXGroup;
			children = (
				FA7D0F421FB52DCB008FD39B /* ISS_MapCheckTests.swift */,
				FA7D0F441FB52DCB008FD39B /* Info.plist */,
			);
			path = ISS_MapCheckTests;
			sourceTree = "<group>";
		};
		FA7D0F4C1FB52DCB008FD39B /* ISS_MapCheckUITests */ = {
			isa = PBXGroup;
			children = (
				FA7D0F4D1FB52DCB008FD39B /* ISS_MapCheckUITests.swift */,
				FA7D0F4F1FB52DCB008FD39B /* Info.plist */,
			);
			path = ISS_MapCheckUITests;
			sourceTree = "<group>";
		};
/* End PBXGroup section */

/* Begin PBXNativeTarget section */
		FA7D0F291FB52DCB008FD39B /* ISS_MapCheck */ = {
			isa = PBXNativeTarget;
			buildConfigurationList = FA7D0F521FB52DCB008FD39B /* Build configuration list for PBXNativeTarget "ISS_MapCheck" */;
			buildPhases = (
				23F2FAE42E85CB2710E00B8F /* [CP] Check Pods Manifest.lock */,
				FA7D0F261FB52DCB008FD39B /* Sources */,
				FA7D0F271FB52DCB008FD39B /* Frameworks */,
				FA7D0F281FB52DCB008FD39B /* Resources */,
				21A8F8C82999F474D1E887C0 /* [CP] Embed Pods Frameworks */,
				838262846E5883A13398F912 /* [CP] Copy Pods Resources */,
			);
			buildRules = (
			);
			dependencies = (
			);
			name = ISS_MapCheck;
			productName = ISS_MapCheck;
			productReference = FA7D0F2A1FB52DCB008FD39B /* ISS_MapCheck.app */;
			productType = "com.apple.product-type.application";
		};
		FA7D0F3D1FB52DCB008FD39B /* ISS_MapCheckTests */ = {
			isa = PBXNativeTarget;
			buildConfigurationList = FA7D0F551FB52DCB008FD39B /* Build configuration list for PBXNativeTarget "ISS_MapCheckTests" */;
			buildPhases = (
				FA7D0F3A1FB52DCB008FD39B /* Sources */,
				FA7D0F3B1FB52DCB008FD39B /* Frameworks */,
				FA7D0F3C1FB52DCB008FD39B /* Resources */,
			);
			buildRules = (
			);
			dependencies = (
				FA7D0F401FB52DCB008FD39B /* PBXTargetDependency */,
			);
			name = ISS_MapCheckTests;
			productName = ISS_MapCheckTests;
			productReference = FA7D0F3E1FB52DCB008FD39B /* ISS_MapCheckTests.xctest */;
			productType = "com.apple.product-type.bundle.unit-test";
		};
		FA7D0F481FB52DCB008FD39B /* ISS_MapCheckUITests */ = {
			isa = PBXNativeTarget;
			buildConfigurationList = FA7D0F581FB52DCB008FD39B /* Build configuration list for PBXNativeTarget "ISS_MapCheckUITests" */;
			buildPhases = (
				FA7D0F451FB52DCB008FD39B /* Sources */,
				FA7D0F461FB52DCB008FD39B /* Frameworks */,
				FA7D0F471FB52DCB008FD39B /* Resources */,
			);
			buildRules = (
			);
			dependencies = (
				FA7D0F4B1FB52DCB008FD39B /* PBXTargetDependency */,
			);
			name = ISS_MapCheckUITests;
			productName = ISS_MapCheckUITests;
			productReference = FA7D0F491FB52DCB008FD39B /* ISS_MapCheckUITests.xctest */;
			productType = "com.apple.product-type.bundle.ui-testing";
		};
/* End PBXNativeTarget section */

/* Begin PBXProject section */
		FA7D0F221FB52DCB008FD39B /* Project object */ = {
			isa = PBXProject;
			attributes = {
				LastSwiftUpdateCheck = 0830;
				LastUpgradeCheck = 0830;
				ORGANIZATIONNAME = "Dante  Lacey-Thompson";
				TargetAttributes = {
					FA7D0F291FB52DCB008FD39B = {
						CreatedOnToolsVersion = 8.3.3;
						DevelopmentTeam = 53SJXKK42P;
						ProvisioningStyle = Automatic;
					};
					FA7D0F3D1FB52DCB008FD39B = {
						CreatedOnToolsVersion = 8.3.3;
						ProvisioningStyle = Automatic;
						TestTargetID = FA7D0F291FB52DCB008FD39B;
					};
					FA7D0F481FB52DCB008FD39B = {
						CreatedOnToolsVersion = 8.3.3;
						ProvisioningStyle = Automatic;
						TestTargetID = FA7D0F291FB52DCB008FD39B;
					};
				};
			};
			buildConfigurationList = FA7D0F251FB52DCB008FD39B /* Build configuration list for PBXProject "ISS_MapCheck" */;
			compatibilityVersion = "Xcode 3.2";
			developmentRegion = English;
			hasScannedForEncodings = 0;
			knownRegions = (
				en,
				Base,
			);
			mainGroup = FA7D0F211FB52DCB008FD39B;
			productRefGroup = FA7D0F2B1FB52DCB008FD39B /* Products */;
			projectDirPath = "";
			projectRoot = "";
			targets = (
				FA7D0F291FB52DCB008FD39B /* ISS_MapCheck */,
				FA7D0F3D1FB52DCB008FD39B /* ISS_MapCheckTests */,
				FA7D0F481FB52DCB008FD39B /* ISS_MapCheckUITests */,
			);
		};
/* End PBXProject section */

/* Begin PBXResourcesBuildPhase section */
		FA7D0F281FB52DCB008FD39B /* Resources */ = {
			isa = PBXResourcesBuildPhase;
			buildActionMask = 2147483647;
			files = (
				FA7D0F381FB52DCB008FD39B /* LaunchScreen.storyboard in Resources */,
				FA7D0F351FB52DCB008FD39B /* Assets.xcassets in Resources */,
				FA7D0F331FB52DCB008FD39B /* Main.storyboard in Resources */,
			);
			runOnlyForDeploymentPostprocessing = 0;
		};
		FA7D0F3C1FB52DCB008FD39B /* Resources */ = {
			isa = PBXResourcesBuildPhase;
			buildActionMask = 2147483647;
			files = (
			);
			runOnlyForDeploymentPostprocessing = 0;
		};
		FA7D0F471FB52DCB008FD39B /* Resources */ = {
			isa = PBXResourcesBuildPhase;
			buildActionMask = 2147483647;
			files = (
			);
			runOnlyForDeploymentPostprocessing = 0;
		};
/* End PBXResourcesBuildPhase section */

/* Begin PBXShellScriptBuildPhase section */
		21A8F8C82999F474D1E887C0 /* [CP] Embed Pods Frameworks */ = {
			isa = PBXShellScriptBuildPhase;
			buildActionMask = 2147483647;
			files = (
			);
			inputPaths = (
				"${SRCROOT}/Pods/Target Support Files/Pods-ISS_MapCheck/Pods-ISS_MapCheck-frameworks.sh",
				"${BUILT_PRODUCTS_DIR}/Alamofire/Alamofire.framework",
				"${BUILT_PRODUCTS_DIR}/AlamofireNetworkActivityIndicator/AlamofireNetworkActivityIndicator.framework",
				"${BUILT_PRODUCTS_DIR}/SwiftKeychainWrapper/SwiftKeychainWrapper.framework",
				"${BUILT_PRODUCTS_DIR}/SwiftyJSON/SwiftyJSON.framework",
			);
			name = "[CP] Embed Pods Frameworks";
			outputPaths = (
				"${TARGET_BUILD_DIR}/${FRAMEWORKS_FOLDER_PATH}/Alamofire.framework",
				"${TARGET_BUILD_DIR}/${FRAMEWORKS_FOLDER_PATH}/AlamofireNetworkActivityIndicator.framework",
				"${TARGET_BUILD_DIR}/${FRAMEWORKS_FOLDER_PATH}/SwiftKeychainWrapper.framework",
				"${TARGET_BUILD_DIR}/${FRAMEWORKS_FOLDER_PATH}/SwiftyJSON.framework",
			);
			runOnlyForDeploymentPostprocessing = 0;
			shellPath = /bin/sh;
			shellScript = "\"${SRCROOT}/Pods/Target Support Files/Pods-ISS_MapCheck/Pods-ISS_MapCheck-frameworks.sh\"\n";
			showEnvVarsInLog = 0;
		};
		23F2FAE42E85CB2710E00B8F /* [CP] Check Pods Manifest.lock */ = {
			isa = PBXShellScriptBuildPhase;
			buildActionMask = 2147483647;
			files = (
			);
			inputPaths = (
				"${PODS_PODFILE_DIR_PATH}/Podfile.lock",
				"${PODS_ROOT}/Manifest.lock",
			);
			name = "[CP] Check Pods Manifest.lock";
			outputPaths = (
				"$(DERIVED_FILE_DIR)/Pods-ISS_MapCheck-checkManifestLockResult.txt",
			);
			runOnlyForDeploymentPostprocessing = 0;
			shellPath = /bin/sh;
			shellScript = "diff \"${PODS_PODFILE_DIR_PATH}/Podfile.lock\" \"${PODS_ROOT}/Manifest.lock\" > /dev/null\nif [ $? != 0 ] ; then\n    # print error to STDERR\n    echo \"error: The sandbox is not in sync with the Podfile.lock. Run 'pod install' or update your CocoaPods installation.\" >&2\n    exit 1\nfi\n# This output is used by Xcode 'outputs' to avoid re-running this script phase.\necho \"SUCCESS\" > \"${SCRIPT_OUTPUT_FILE_0}\"\n";
			showEnvVarsInLog = 0;
		};
		838262846E5883A13398F912 /* [CP] Copy Pods Resources */ = {
			isa = PBXShellScriptBuildPhase;
			buildActionMask = 2147483647;
			files = (
			);
			inputPaths = (
				"${SRCROOT}/Pods/Target Support Files/Pods-ISS_MapCheck/Pods-ISS_MapCheck-resources.sh",
				"${PODS_ROOT}/GoogleMaps/Maps/Frameworks/GoogleMaps.framework/Resources/GoogleMaps.bundle",
			);
			name = "[CP] Copy Pods Resources";
			outputPaths = (
				"${TARGET_BUILD_DIR}/${UNLOCALIZED_RESOURCES_FOLDER_PATH}",
			);
			runOnlyForDeploymentPostprocessing = 0;
			shellPath = /bin/sh;
			shellScript = "\"${SRCROOT}/Pods/Target Support Files/Pods-ISS_MapCheck/Pods-ISS_MapCheck-resources.sh\"\n";
			showEnvVarsInLog = 0;
		};
/* End PBXShellScriptBuildPhase section */

/* Begin PBXSourcesBuildPhase section */
		FA7D0F261FB52DCB008FD39B /* Sources */ = {
			isa = PBXSourcesBuildPhase;
			buildActionMask = 2147483647;
			files = (
				FA7D0F301FB52DCB008FD39B /* ViewController.swift in Sources */,
				FADAB5CA1FBF46DC00B738B5 /* LocationPin.swift in Sources */,
				FA2B97171FCBCAF800EFFAAE /* CityCell.swift in Sources */,
				FADAB5C61FBE696800B738B5 /* LocationModel.swift in Sources */,
				FA0C076C1FCB465900E0FC5F /* CityDataViewController.swift in Sources */,
				FA7D0F2E1FB52DCB008FD39B /* AppDelegate.swift in Sources */,
				FADAB5C81FBE761B00B738B5 /* MapViewController.swift in Sources */,
				FA0C076E1FCB4C9A00E0FC5F /* CityModel.swift in Sources */,
				FA175FDA1FCCA14F0070B23D /* SettingsViewController.swift in Sources */,
			);
			runOnlyForDeploymentPostprocessing = 0;
		};
		FA7D0F3A1FB52DCB008FD39B /* Sources */ = {
			isa = PBXSourcesBuildPhase;
			buildActionMask = 2147483647;
			files = (
				FA7D0F431FB52DCB008FD39B /* ISS_MapCheckTests.swift in Sources */,
			);
			runOnlyForDeploymentPostprocessing = 0;
		};
		FA7D0F451FB52DCB008FD39B /* Sources */ = {
			isa = PBXSourcesBuildPhase;
			buildActionMask = 2147483647;
			files = (
				FA7D0F4E1FB52DCB008FD39B /* ISS_MapCheckUITests.swift in Sources */,
			);
			runOnlyForDeploymentPostprocessing = 0;
		};
/* End PBXSourcesBuildPhase section */

/* Begin PBXTargetDependency section */
		FA7D0F401FB52DCB008FD39B /* PBXTargetDependency */ = {
			isa = PBXTargetDependency;
			target = FA7D0F291FB52DCB008FD39B /* ISS_MapCheck */;
			targetProxy = FA7D0F3F1FB52DCB008FD39B /* PBXContainerItemProxy */;
		};
		FA7D0F4B1FB52DCB008FD39B /* PBXTargetDependency */ = {
			isa = PBXTargetDependency;
			target = FA7D0F291FB52DCB008FD39B /* ISS_MapCheck */;
			targetProxy = FA7D0F4A1FB52DCB008FD39B /* PBXContainerItemProxy */;
		};
/* End PBXTargetDependency section */

/* Begin PBXVariantGroup section */
		FA7D0F311FB52DCB008FD39B /* Main.storyboard */ = {
			isa = PBXVariantGroup;
			children = (
				FA7D0F321FB52DCB008FD39B /* Base */,
			);
			name = Main.storyboard;
			sourceTree = "<group>";
		};
		FA7D0F361FB52DCB008FD39B /* LaunchScreen.storyboard */ = {
			isa = PBXVariantGroup;
			children = (
				FA7D0F371FB52DCB008FD39B /* Base */,
			);
			name = LaunchScreen.storyboard;
			sourceTree = "<group>";
		};
/* End PBXVariantGroup section */

/* Begin XCBuildConfiguration section */
		FA7D0F501FB52DCB008FD39B /* Debug */ = {
			isa = XCBuildConfiguration;
			buildSettings = {
				ALWAYS_SEARCH_USER_PATHS = NO;
				CLANG_ANALYZER_NONNULL = YES;
				CLANG_ANALYZER_NUMBER_OBJECT_CONVERSION = YES_AGGRESSIVE;
				CLANG_CXX_LANGUAGE_STANDARD = "gnu++0x";
				CLANG_CXX_LIBRARY = "libc++";
				CLANG_ENABLE_MODULES = YES;
				CLANG_ENABLE_OBJC_ARC = YES;
				CLANG_WARN_BOOL_CONVERSION = YES;
				CLANG_WARN_CONSTANT_CONVERSION = YES;
				CLANG_WARN_DIRECT_OBJC_ISA_USAGE = YES_ERROR;
				CLANG_WARN_DOCUMENTATION_COMMENTS = YES;
				CLANG_WARN_EMPTY_BODY = YES;
				CLANG_WARN_ENUM_CONVERSION = YES;
				CLANG_WARN_INFINITE_RECURSION = YES;
				CLANG_WARN_INT_CONVERSION = YES;
				CLANG_WARN_OBJC_ROOT_CLASS = YES_ERROR;
				CLANG_WARN_SUSPICIOUS_MOVE = YES;
				CLANG_WARN_UNREACHABLE_CODE = YES;
				CLANG_WARN__DUPLICATE_METHOD_MATCH = YES;
				"CODE_SIGN_IDENTITY[sdk=iphoneos*]" = "iPhone Developer";
				COPY_PHASE_STRIP = NO;
				DEBUG_INFORMATION_FORMAT = dwarf;
				ENABLE_STRICT_OBJC_MSGSEND = YES;
				ENABLE_TESTABILITY = YES;
				GCC_C_LANGUAGE_STANDARD = gnu99;
				GCC_DYNAMIC_NO_PIC = NO;
				GCC_NO_COMMON_BLOCKS = YES;
				GCC_OPTIMIZATION_LEVEL = 0;
				GCC_PREPROCESSOR_DEFINITIONS = (
					"DEBUG=1",
					"$(inherited)",
				);
				GCC_WARN_64_TO_32_BIT_CONVERSION = YES;
				GCC_WARN_ABOUT_RETURN_TYPE = YES_ERROR;
				GCC_WARN_UNDECLARED_SELECTOR = YES;
				GCC_WARN_UNINITIALIZED_AUTOS = YES_AGGRESSIVE;
				GCC_WARN_UNUSED_FUNCTION = YES;
				GCC_WARN_UNUSED_VARIABLE = YES;
				IPHONEOS_DEPLOYMENT_TARGET = 10.3;
				MTL_ENABLE_DEBUG_INFO = YES;
				ONLY_ACTIVE_ARCH = YES;
				SDKROOT = iphoneos;
				SWIFT_ACTIVE_COMPILATION_CONDITIONS = DEBUG;
				SWIFT_OPTIMIZATION_LEVEL = "-Onone";
				TARGETED_DEVICE_FAMILY = "1,2";
			};
			name = Debug;
		};
		FA7D0F511FB52DCB008FD39B /* Release */ = {
			isa = XCBuildConfiguration;
			buildSettings = {
				ALWAYS_SEARCH_USER_PATHS = NO;
				CLANG_ANALYZER_NONNULL = YES;
				CLANG_ANALYZER_NUMBER_OBJECT_CONVERSION = YES_AGGRESSIVE;
				CLANG_CXX_LANGUAGE_STANDARD = "gnu++0x";
				CLANG_CXX_LIBRARY = "libc++";
				CLANG_ENABLE_MODULES = YES;
				CLANG_ENABLE_OBJC_ARC = YES;
				CLANG_WARN_BOOL_CONVERSION = YES;
				CLANG_WARN_CONSTANT_CONVERSION = YES;
				CLANG_WARN_DIRECT_OBJC_ISA_USAGE = YES_ERROR;
				CLANG_WARN_DOCUMENTATION_COMMENTS = YES;
				CLANG_WARN_EMPTY_BODY = YES;
				CLANG_WARN_ENUM_CONVERSION = YES;
				CLANG_WARN_INFINITE_RECURSION = YES;
				CLANG_WARN_INT_CONVERSION = YES;
				CLANG_WARN_OBJC_ROOT_CLASS = YES_ERROR;
				CLANG_WARN_SUSPICIOUS_MOVE = YES;
				CLANG_WARN_UNREACHABLE_CODE = YES;
				CLANG_WARN__DUPLICATE_METHOD_MATCH = YES;
				"CODE_SIGN_IDENTITY[sdk=iphoneos*]" = "iPhone Developer";
				COPY_PHASE_STRIP = NO;
				DEBUG_INFORMATION_FORMAT = "dwarf-with-dsym";
				ENABLE_NS_ASSERTIONS = NO;
				ENABLE_STRICT_OBJC_MSGSEND = YES;
				GCC_C_LANGUAGE_STANDARD = gnu99;
				GCC_NO_COMMON_BLOCKS = YES;
				GCC_WARN_64_TO_32_BIT_CONVERSION = YES;
				GCC_WARN_ABOUT_RETURN_TYPE = YES_ERROR;
				GCC_WARN_UNDECLARED_SELECTOR = YES;
				GCC_WARN_UNINITIALIZED_AUTOS = YES_AGGRESSIVE;
				GCC_WARN_UNUSED_FUNCTION = YES;
				GCC_WARN_UNUSED_VARIABLE = YES;
				IPHONEOS_DEPLOYMENT_TARGET = 10.3;
				MTL_ENABLE_DEBUG_INFO = NO;
				SDKROOT = iphoneos;
				SWIFT_OPTIMIZATION_LEVEL = "-Owholemodule";
				TARGETED_DEVICE_FAMILY = "1,2";
				VALIDATE_PRODUCT = YES;
			};
			name = Release;
		};
		FA7D0F531FB52DCB008FD39B /* Debug */ = {
			isa = XCBuildConfiguration;
			baseConfigurationReference = BF59A1DC5B2851A3ED19B7C1 /* Pods-ISS_MapCheck.debug.xcconfig */;
			buildSettings = {
				ASSETCATALOG_COMPILER_APPICON_NAME = AppIcon;
				DEVELOPMENT_TEAM = 53SJXKK42P;
				INFOPLIST_FILE = ISS_MapCheck/Info.plist;
				LD_RUNPATH_SEARCH_PATHS = "$(inherited) @executable_path/Frameworks";
				PRODUCT_BUNDLE_IDENTIFIER = "dantelaceythompson.ISS-MapCheck";
				PRODUCT_NAME = "$(TARGET_NAME)";
				SWIFT_VERSION = 3.0;
			};
			name = Debug;
		};
		FA7D0F541FB52DCB008FD39B /* Release */ = {
			isa = XCBuildConfiguration;
			baseConfigurationReference = 6A9B0A703BB355AE792018FF /* Pods-ISS_MapCheck.release.xcconfig */;
			buildSettings = {
				ASSETCATALOG_COMPILER_APPICON_NAME = AppIcon;
				DEVELOPMENT_TEAM = 53SJXKK42P;
				INFOPLIST_FILE = ISS_MapCheck/Info.plist;
				LD_RUNPATH_SEARCH_PATHS = "$(inherited) @executable_path/Frameworks";
				PRODUCT_BUNDLE_IDENTIFIER = "dantelaceythompson.ISS-MapCheck";
				PRODUCT_NAME = "$(TARGET_NAME)";
				SWIFT_VERSION = 3.0;
			};
			name = Release;
		};
		FA7D0F561FB52DCB008FD39B /* Debug */ = {
			isa = XCBuildConfiguration;
			buildSettings = {
				ALWAYS_EMBED_SWIFT_STANDARD_LIBRARIES = YES;
				BUNDLE_LOADER = "$(TEST_HOST)";
				INFOPLIST_FILE = ISS_MapCheckTests/Info.plist;
				LD_RUNPATH_SEARCH_PATHS = "$(inherited) @executable_path/Frameworks @loader_path/Frameworks";
				PRODUCT_BUNDLE_IDENTIFIER = "dantelaceythompson.ISS-MapCheckTests";
				PRODUCT_NAME = "$(TARGET_NAME)";
				SWIFT_VERSION = 3.0;
				TEST_HOST = "$(BUILT_PRODUCTS_DIR)/ISS_MapCheck.app/ISS_MapCheck";
			};
			name = Debug;
		};
		FA7D0F571FB52DCB008FD39B /* Release */ = {
			isa = XCBuildConfiguration;
			buildSettings = {
				ALWAYS_EMBED_SWIFT_STANDARD_LIBRARIES = YES;
				BUNDLE_LOADER = "$(TEST_HOST)";
				INFOPLIST_FILE = ISS_MapCheckTests/Info.plist;
				LD_RUNPATH_SEARCH_PATHS = "$(inherited) @executable_path/Frameworks @loader_path/Frameworks";
				PRODUCT_BUNDLE_IDENTIFIER = "dantelaceythompson.ISS-MapCheckTests";
				PRODUCT_NAME = "$(TARGET_NAME)";
				SWIFT_VERSION = 3.0;
				TEST_HOST = "$(BUILT_PRODUCTS_DIR)/ISS_MapCheck.app/ISS_MapCheck";
			};
			name = Release;
		};
		FA7D0F591FB52DCB008FD39B /* Debug */ = {
			isa = XCBuildConfiguration;
			buildSettings = {
				ALWAYS_EMBED_SWIFT_STANDARD_LIBRARIES = YES;
				INFOPLIST_FILE = ISS_MapCheckUITests/Info.plist;
				LD_RUNPATH_SEARCH_PATHS = "$(inherited) @executable_path/Frameworks @loader_path/Frameworks";
				PRODUCT_BUNDLE_IDENTIFIER = "dantelaceythompson.ISS-MapCheckUITests";
				PRODUCT_NAME = "$(TARGET_NAME)";
				SWIFT_VERSION = 3.0;
				TEST_TARGET_NAME = ISS_MapCheck;
			};
			name = Debug;
		};
		FA7D0F5A1FB52DCB008FD39B /* Release */ = {
			isa = XCBuildConfiguration;
			buildSettings = {
				ALWAYS_EMBED_SWIFT_STANDARD_LIBRARIES = YES;
				INFOPLIST_FILE = ISS_MapCheckUITests/Info.plist;
				LD_RUNPATH_SEARCH_PATHS = "$(inherited) @executable_path/Frameworks @loader_path/Frameworks";
				PRODUCT_BUNDLE_IDENTIFIER = "dantelaceythompson.ISS-MapCheckUITests";
				PRODUCT_NAME = "$(TARGET_NAME)";
				SWIFT_VERSION = 3.0;
				TEST_TARGET_NAME = ISS_MapCheck;
			};
			name = Release;
		};
/* End XCBuildConfiguration section */

/* Begin XCConfigurationList section */
		FA7D0F251FB52DCB008FD39B /* Build configuration list for PBXProject "ISS_MapCheck" */ = {
			isa = XCConfigurationList;
			buildConfigurations = (
				FA7D0F501FB52DCB008FD39B /* Debug */,
				FA7D0F511FB52DCB008FD39B /* Release */,
			);
			defaultConfigurationIsVisible = 0;
			defaultConfigurationName = Release;
		};
		FA7D0F521FB52DCB008FD39B /* Build configuration list for PBXNativeTarget "ISS_MapCheck" */ = {
			isa = XCConfigurationList;
			buildConfigurations = (
				FA7D0F531FB52DCB008FD39B /* Debug */,
				FA7D0F541FB52DCB008FD39B /* Release */,
			);
			defaultConfigurationIsVisible = 0;
			defaultConfigurationName = Release;
		};
		FA7D0F551FB52DCB008FD39B /* Build configuration list for PBXNativeTarget "ISS_MapCheckTests" */ = {
			isa = XCConfigurationList;
			buildConfigurations = (
				FA7D0F561FB52DCB008FD39B /* Debug */,
				FA7D0F571FB52DCB008FD39B /* Release */,
			);
			defaultConfigurationIsVisible = 0;
			defaultConfigurationName = Release;
		};
		FA7D0F581FB52DCB008FD39B /* Build configuration list for PBXNativeTarget "ISS_MapCheckUITests" */ = {
			isa = XCConfigurationList;
			buildConfigurations = (
				FA7D0F591FB52DCB008FD39B /* Debug */,
				FA7D0F5A1FB52DCB008FD39B /* Release */,
			);
			defaultConfigurationIsVisible = 0;
			defaultConfigurationName = Release;
		};
/* End XCConfigurationList section */
	};
	rootObject = FA7D0F221FB52DCB008FD39B /* Project object */;
}
