PODS:
  - Eureka (3.1.0)
  - Realm (3.0.2):
    - Realm/Headers (= 3.0.2)
  - Realm/Headers (3.0.2)
  - RealmSwift (3.0.2):
    - Realm (= 3.0.2)

DEPENDENCIES:
  - Eureka (~> 3.1.0)
  - RealmSwift

SPEC CHECKSUMS:
  Eureka: d6725c38d0dcdceaa331d1468f75e76315715ae0
  Realm: 6f23fd1f178a09342eac21bfa7c2bf4312a7a180
  RealmSwift: 695393add1b8f9d5fa75dd16e6355cf3935f71e2

PODFILE CHECKSUM: 6eb32fd29ff8e08910d2d6bc8eab4f2d9f2b9a17

COCOAPODS: 1.3.1
